
Microsoft Visual Studio Solution File, Format Version 12.00
Project("{FAE04EC0-301F-11D3-BF4B-00C04F79EFBC}") = "BSIPA.PluginAnalyzer", "BSIPA.PluginAnalyzer\BSIPA.PluginAnalyzer.csproj", "{AB7DBB9E-3942-42B8-95AA-45AB9725A712}"
EndProject
Global
	GlobalSection(SolutionConfigurationPlatforms) = preSolution
		Debug|Any CPU = Debug|Any CPU
		Release|Any CPU = Release|Any CPU
	EndGlobalSection
	GlobalSection(ProjectConfigurationPlatforms) = postSolution
		{AB7DBB9E-3942-42B8-95AA-45AB9725A712}.Debug|Any CPU.ActiveCfg = Debug|Any CPU
		{AB7DBB9E-3942-42B8-95AA-45AB9725A712}.Debug|Any CPU.Build.0 = Debug|Any CPU
		{AB7DBB9E-3942-42B8-95AA-45AB9725A712}.Release|Any CPU.ActiveCfg = Release|Any CPU
		{AB7DBB9E-3942-42B8-95AA-45AB9725A712}.Release|Any CPU.Build.0 = Release|Any CPU
	EndGlobalSection
EndGlobal
